// !$*UTF8*$!
{
	archiveVersion = 1;
	classes = {
	};
	objectVersion = 77;
	objects = {

/* Begin PBXContainerItemProxy section */
		D1693EB32E63E65D00E522E2 /* PBXContainerItemProxy */ = {
			isa = PBXContainerItemProxy;
			containerPortal = D1693E9D2E63E65C00E522E2 /* Project object */;
			proxyType = 1;
			remoteGlobalIDString = D1693EA42E63E65C00E522E2;
			remoteInfo = whataretheyselling_tv;
		};
		D1693EBD2E63E65D00E522E2 /* PBXContainerItemProxy */ = {
			isa = PBXContainerItemProxy;
			containerPortal = D1693E9D2E63E65C00E522E2 /* Project object */;
			proxyType = 1;
			remoteGlobalIDString = D1693EA42E63E65C00E522E2;
			remoteInfo = whataretheyselling_tv;
		};
/* End PBXContainerItemProxy section */

/* Begin PBXFileReference section */
		D1693EA52E63E65C00E522E2 /* whataretheyselling_tv.app */ = {isa = PBXFileReference; explicitFileType = wrapper.application; includeInIndex = 0; path = whataretheyselling_tv.app; sourceTree = BUILT_PRODUCTS_DIR; };
		D1693EB22E63E65D00E522E2 /* whataretheyselling_tvTests.xctest */ = {isa = PBXFileReference; explicitFileType = wrapper.cfbundle; includeInIndex = 0; path = whataretheyselling_tvTests.xctest; sourceTree = BUILT_PRODUCTS_DIR; };
		D1693EBC2E63E65D00E522E2 /* whataretheyselling_tvUITests.xctest */ = {isa = PBXFileReference; explicitFileType = wrapper.cfbundle; includeInIndex = 0; path = whataretheyselling_tvUITests.xctest; sourceTree = BUILT_PRODUCTS_DIR; };
/* End PBXFileReference section */

/* Begin PBXFileSystemSynchronizedRootGroup section */
		D1693EA72E63E65C00E522E2 /* whataretheyselling_tv */ = {
			isa = PBXFileSystemSynchronizedRootGroup;
			path = whataretheyselling_tv;
			sourceTree = "<group>";
		};
		D1693EB52E63E65D00E522E2 /* whataretheyselling_tvTests */ = {
			isa = PBXFileSystemSynchronizedRootGroup;
			path = whataretheyselling_tvTests;
			sourceTree = "<group>";
		};
		D1693EBF2E63E65D00E522E2 /* whataretheyselling_tvUITests */ = {
			isa = PBXFileSystemSynchronizedRootGroup;
			path = whataretheyselling_tvUITests;
			sourceTree = "<group>";
		};
/* End PBXFileSystemSynchronizedRootGroup section */

/* Begin PBXFrameworksBuildPhase section */
		D1693EA22E63E65C00E522E2 /* Frameworks */ = {
			isa = PBXFrameworksBuildPhase;
			buildActionMask = 2147483647;
			files = (
			);
			runOnlyForDeploymentPostprocessing = 0;
		};
		D1693EAF2E63E65D00E522E2 /* Frameworks */ = {
			isa = PBXFrameworksBuildPhase;
			buildActionMask = 2147483647;
			files = (
			);
			runOnlyForDeploymentPostprocessing = 0;
		};
		D1693EB92E63E65D00E522E2 /* Frameworks */ = {
			isa = PBXFrameworksBuildPhase;
			buildActionMask = 2147483647;
			files = (
			);
			runOnlyForDeploymentPostprocessing = 0;
		};
/* End PBXFrameworksBuildPhase section */

/* Begin PBXGroup section */
		D1693E9C2E63E65C00E522E2 = {
			isa = PBXGroup;
			children = (
				D1693EA72E63E65C00E522E2 /* whataretheyselling_tv */,
				D1693EB52E63E65D00E522E2 /* whataretheyselling_tvTests */,
				D1693EBF2E63E65D00E522E2 /* whataretheyselling_tvUITests */,
				D1693EA62E63E65C00E522E2 /* Products */,
			);
			sourceTree = "<group>";
		};
		D1693EA62E63E65C00E522E2 /* Products */ = {
			isa = PBXGroup;
			children = (
				D1693EA52E63E65C00E522E2 /* whataretheyselling_tv.app */,
				D1693EB22E63E65D00E522E2 /* whataretheyselling_tvTests.xctest */,
				D1693EBC2E63E65D00E522E2 /* whataretheyselling_tvUITests.xctest */,
			);
			name = Products;
			sourceTree = "<group>";
		};
/* End PBXGroup section */

/* Begin PBXNativeTarget section */
		D1693EA42E63E65C00E522E2 /* whataretheyselling_tv */ = {
			isa = PBXNativeTarget;
			buildConfigurationList = D1693EC62E63E65D00E522E2 /* Build configuration list for PBXNativeTarget "whataretheyselling_tv" */;
			buildPhases = (
				D1693EA12E63E65C00E522E2 /* Sources */,
				D1693EA22E63E65C00E522E2 /* Frameworks */,
				D1693EA32E63E65C00E522E2 /* Resources */,
			);
			buildRules = (
			);
			dependencies = (
			);
			fileSystemSynchronizedGroups = (
				D1693EA72E63E65C00E522E2 /* whataretheyselling_tv */,
			);
			name = whataretheyselling_tv;
			packageProductDependencies = (
			);
			productName = whataretheyselling_tv;
			productReference = D1693EA52E63E65C00E522E2 /* whataretheyselling_tv.app */;
			productType = "com.apple.product-type.application";
		};
		D1693EB12E63E65D00E522E2 /* whataretheyselling_tvTests */ = {
			isa = PBXNativeTarget;
			buildConfigurationList = D1693EC92E63E65D00E522E2 /* Build configuration list for PBXNativeTarget "whataretheyselling_tvTests" */;
			buildPhases = (
				D1693EAE2E63E65D00E522E2 /* Sources */,
				D1693EAF2E63E65D00E522E2 /* Frameworks */,
				D1693EB02E63E65D00E522E2 /* Resources */,
			);
			buildRules = (
			);
			dependencies = (
				D1693EB42E63E65D00E522E2 /* PBXTargetDependency */,
			);
			fileSystemSynchronizedGroups = (
				D1693EB52E63E65D00E522E2 /* whataretheyselling_tvTests */,
			);
			name = whataretheyselling_tvTests;
			packageProductDependencies = (
			);
			productName = whataretheyselling_tvTests;
			productReference = D1693EB22E63E65D00E522E2 /* whataretheyselling_tvTests.xctest */;
			productType = "com.apple.product-type.bundle.unit-test";
		};
		D1693EBB2E63E65D00E522E2 /* whataretheyselling_tvUITests */ = {
			isa = PBXNativeTarget;
			buildConfigurationList = D1693ECC2E63E65D00E522E2 /* Build configuration list for PBXNativeTarget "whataretheyselling_tvUITests" */;
			buildPhases = (
				D1693EB82E63E65D00E522E2 /* Sources */,
				D1693EB92E63E65D00E522E2 /* Frameworks */,
				D1693EBA2E63E65D00E522E2 /* Resources */,
			);
			buildRules = (
			);
			dependencies = (
				D1693EBE2E63E65D00E522E2 /* PBXTargetDependency */,
			);
			fileSystemSynchronizedGroups = (
				D1693EBF2E63E65D00E522E2 /* whataretheyselling_tvUITests */,
			);
			name = whataretheyselling_tvUITests;
			packageProductDependencies = (
			);
			productName = whataretheyselling_tvUITests;
			productReference = D1693EBC2E63E65D00E522E2 /* whataretheyselling_tvUITests.xctest */;
			productType = "com.apple.product-type.bundle.ui-testing";
		};
/* End PBXNativeTarget section */

/* Begin PBXProject section */
		D1693E9D2E63E65C00E522E2 /* Project object */ = {
			isa = PBXProject;
			attributes = {
				BuildIndependentTargetsInParallel = 1;
				LastSwiftUpdateCheck = 1640;
				LastUpgradeCheck = 1640;
				TargetAttributes = {
					D1693EA42E63E65C00E522E2 = {
						CreatedOnToolsVersion = 16.4;
					};
					D1693EB12E63E65D00E522E2 = {
						CreatedOnToolsVersion = 16.4;
						TestTargetID = D1693EA42E63E65C00E522E2;
					};
					D1693EBB2E63E65D00E522E2 = {
						CreatedOnToolsVersion = 16.4;
						TestTargetID = D1693EA42E63E65C00E522E2;
					};
				};
			};
			buildConfigurationList = D1693EA02E63E65C00E522E2 /* Build configuration list for PBXProject "whataretheyselling_tv" */;
			developmentRegion = en;
			hasScannedForEncodings = 0;
			knownRegions = (
				en,
				Base,
			);
			mainGroup = D1693E9C2E63E65C00E522E2;
			minimizedProjectReferenceProxies = 1;
			preferredProjectObjectVersion = 77;
			productRefGroup = D1693EA62E63E65C00E522E2 /* Products */;
			projectDirPath = "";
			projectRoot = "";
			targets = (
				D1693EA42E63E65C00E522E2 /* whataretheyselling_tv */,
				D1693EB12E63E65D00E522E2 /* whataretheyselling_tvTests */,
				D1693EBB2E63E65D00E522E2 /* whataretheyselling_tvUITests */,
			);
		};
/* End PBXProject section */

/* Begin PBXResourcesBuildPhase section */
		D1693EA32E63E65C00E522E2 /* Resources */ = {
			isa = PBXResourcesBuildPhase;
			buildActionMask = 2147483647;
			files = (
			);
			runOnlyForDeploymentPostprocessing = 0;
		};
		D1693EB02E63E65D00E522E2 /* Resources */ = {
			isa = PBXResourcesBuildPhase;
			buildActionMask = 2147483647;
			files = (
			);
			runOnlyForDeploymentPostprocessing = 0;
		};
		D1693EBA2E63E65D00E522E2 /* Resources */ = {
			isa = PBXResourcesBuildPhase;
			buildActionMask = 2147483647;
			files = (
			);
			runOnlyForDeploymentPostprocessing = 0;
		};
/* End PBXResourcesBuildPhase section */

/* Begin PBXSourcesBuildPhase section */
		D1693EA12E63E65C00E522E2 /* Sources */ = {
			isa = PBXSourcesBuildPhase;
			buildActionMask = 2147483647;
			files = (
			);
			runOnlyForDeploymentPostprocessing = 0;
		};
		D1693EAE2E63E65D00E522E2 /* Sources */ = {
			isa = PBXSourcesBuildPhase;
			buildActionMask = 2147483647;
			files = (
			);
			runOnlyForDeploymentPostprocessing = 0;
		};
		D1693EB82E63E65D00E522E2 /* Sources */ = {
			isa = PBXSourcesBuildPhase;
			buildActionMask = 2147483647;
			files = (
			);
			runOnlyForDeploymentPostprocessing = 0;
		};
/* End PBXSourcesBuildPhase section */

/* Begin PBXTargetDependency section */
		D1693EB42E63E65D00E522E2 /* PBXTargetDependency */ = {
			isa = PBXTargetDependency;
			target = D1693EA42E63E65C00E522E2 /* whataretheyselling_tv */;
			targetProxy = D1693EB32E63E65D00E522E2 /* PBXContainerItemProxy */;
		};
		D1693EBE2E63E65D00E522E2 /* PBXTargetDependency */ = {
			isa = PBXTargetDependency;
			target = D1693EA42E63E65C00E522E2 /* whataretheyselling_tv */;
			targetProxy = D1693EBD2E63E65D00E522E2 /* PBXContainerItemProxy */;
		};
/* End PBXTargetDependency section */

/* Begin XCBuildConfiguration section */
		D1693EC42E63E65D00E522E2 /* Debug */ = {
			isa = XCBuildConfiguration;
			buildSettings = {
				ALWAYS_SEARCH_USER_PATHS = NO;
				ASSETCATALOG_COMPILER_GENERATE_SWIFT_ASSET_SYMBOL_EXTENSIONS = YES;
				CLANG_ANALYZER_NONNULL = YES;
				CLANG_ANALYZER_NUMBER_OBJECT_CONVERSION = YES_AGGRESSIVE;
				CLANG_CXX_LANGUAGE_STANDARD = "gnu++20";
				CLANG_ENABLE_MODULES = YES;
				CLANG_ENABLE_OBJC_ARC = YES;
				CLANG_ENABLE_OBJC_WEAK = YES;
				CLANG_WARN_BLOCK_CAPTURE_AUTORELEASING = YES;
				CLANG_WARN_BOOL_CONVERSION = YES;
				CLANG_WARN_COMMA = YES;
				CLANG_WARN_CONSTANT_CONVERSION = YES;
				CLANG_WARN_DEPRECATED_OBJC_IMPLEMENTATIONS = YES;
				CLANG_WARN_DIRECT_OBJC_ISA_USAGE = YES_ERROR;
				CLANG_WARN_DOCUMENTATION_COMMENTS = YES;
				CLANG_WARN_EMPTY_BODY = YES;
				CLANG_WARN_ENUM_CONVERSION = YES;
				CLANG_WARN_INFINITE_RECURSION = YES;
				CLANG_WARN_INT_CONVERSION = YES;
				CLANG_WARN_NON_LITERAL_NULL_CONVERSION = YES;
				CLANG_WARN_OBJC_IMPLICIT_RETAIN_SELF = YES;
				CLANG_WARN_OBJC_LITERAL_CONVERSION = YES;
				CLANG_WARN_OBJC_ROOT_CLASS = YES_ERROR;
				CLANG_WARN_QUOTED_INCLUDE_IN_FRAMEWORK_HEADER = YES;
				CLANG_WARN_RANGE_LOOP_ANALYSIS = YES;
				CLANG_WARN_STRICT_PROTOTYPES = YES;
				CLANG_WARN_SUSPICIOUS_MOVE = YES;
				CLANG_WARN_UNGUARDED_AVAILABILITY = YES_AGGRESSIVE;
				CLANG_WARN_UNREACHABLE_CODE = YES;
				CLANG_WARN__DUPLICATE_METHOD_MATCH = YES;
				COPY_PHASE_STRIP = NO;
				DEBUG_INFORMATION_FORMAT = dwarf;
				DEVELOPMENT_TEAM = 8B5Y76UV6F;
				ENABLE_STRICT_OBJC_MSGSEND = YES;
				ENABLE_TESTABILITY = YES;
				ENABLE_USER_SCRIPT_SANDBOXING = YES;
				GCC_C_LANGUAGE_STANDARD = gnu17;
				GCC_DYNAMIC_NO_PIC = NO;
				GCC_NO_COMMON_BLOCKS = YES;
				GCC_OPTIMIZATION_LEVEL = 0;
				GCC_PREPROCESSOR_DEFINITIONS = (
					"DEBUG=1",
					"$(inherited)",
				);
				GCC_WARN_64_TO_32_BIT_CONVERSION = YES;
				GCC_WARN_ABOUT_RETURN_TYPE = YES_ERROR;
				GCC_WARN_UNDECLARED_SELECTOR = YES;
				GCC_WARN_UNINITIALIZED_AUTOS = YES_AGGRESSIVE;
				GCC_WARN_UNUSED_FUNCTION = YES;
				GCC_WARN_UNUSED_VARIABLE = YES;
				LOCALIZATION_PREFERS_STRING_CATALOGS = YES;
				MTL_ENABLE_DEBUG_INFO = INCLUDE_SOURCE;
				MTL_FAST_MATH = YES;
				ONLY_ACTIVE_ARCH = YES;
				SDKROOT = appletvos;
				SWIFT_ACTIVE_COMPILATION_CONDITIONS = "DEBUG $(inherited)";
				SWIFT_OPTIMIZATION_LEVEL = "-Onone";
				TVOS_DEPLOYMENT_TARGET = 18.5;
			};
			name = Debug;
		};
		D1693EC52E63E65D00E522E2 /* Release */ = {
			isa = XCBuildConfiguration;
			buildSettings = {
				ALWAYS_SEARCH_USER_PATHS = NO;
				ASSETCATALOG_COMPILER_GENERATE_SWIFT_ASSET_SYMBOL_EXTENSIONS = YES;
				CLANG_ANALYZER_NONNULL = YES;
				CLANG_ANALYZER_NUMBER_OBJECT_CONVERSION = YES_AGGRESSIVE;
				CLANG_CXX_LANGUAGE_STANDARD = "gnu++20";
				CLANG_ENABLE_MODULES = YES;
				CLANG_ENABLE_OBJC_ARC = YES;
				CLANG_ENABLE_OBJC_WEAK = YES;
				CLANG_WARN_BLOCK_CAPTURE_AUTORELEASING = YES;
				CLANG_WARN_BOOL_CONVERSION = YES;
				CLANG_WARN_COMMA = YES;
				CLANG_WARN_CONSTANT_CONVERSION = YES;
				CLANG_WARN_DEPRECATED_OBJC_IMPLEMENTATIONS = YES;
				CLANG_WARN_DIRECT_OBJC_ISA_USAGE = YES_ERROR;
				CLANG_WARN_DOCUMENTATION_COMMENTS = YES;
				CLANG_WARN_EMPTY_BODY = YES;
				CLANG_WARN_ENUM_CONVERSION = YES;
				CLANG_WARN_INFINITE_RECURSION = YES;
				CLANG_WARN_INT_CONVERSION = YES;
				CLANG_WARN_NON_LITERAL_NULL_CONVERSION = YES;
				CLANG_WARN_OBJC_IMPLICIT_RETAIN_SELF = YES;
				CLANG_WARN_OBJC_LITERAL_CONVERSION = YES;
				CLANG_WARN_OBJC_ROOT_CLASS = YES_ERROR;
				CLANG_WARN_QUOTED_INCLUDE_IN_FRAMEWORK_HEADER = YES;
				CLANG_WARN_RANGE_LOOP_ANALYSIS = YES;
				CLANG_WARN_STRICT_PROTOTYPES = YES;
				CLANG_WARN_SUSPICIOUS_MOVE = YES;
				CLANG_WARN_UNGUARDED_AVAILABILITY = YES_AGGRESSIVE;
				CLANG_WARN_UNREACHABLE_CODE = YES;
				CLANG_WARN__DUPLICATE_METHOD_MATCH = YES;
				COPY_PHASE_STRIP = NO;
				DEBUG_INFORMATION_FORMAT = "dwarf-with-dsym";
				DEVELOPMENT_TEAM = 8B5Y76UV6F;
				ENABLE_NS_ASSERTIONS = NO;
				ENABLE_STRICT_OBJC_MSGSEND = YES;
				ENABLE_USER_SCRIPT_SANDBOXING = YES;
				GCC_C_LANGUAGE_STANDARD = gnu17;
				GCC_NO_COMMON_BLOCKS = YES;
				GCC_WARN_64_TO_32_BIT_CONVERSION = YES;
				GCC_WARN_ABOUT_RETURN_TYPE = YES_ERROR;
				GCC_WARN_UNDECLARED_SELECTOR = YES;
				GCC_WARN_UNINITIALIZED_AUTOS = YES_AGGRESSIVE;
				GCC_WARN_UNUSED_FUNCTION = YES;
				GCC_WARN_UNUSED_VARIABLE = YES;
				LOCALIZATION_PREFERS_STRING_CATALOGS = YES;
				MTL_ENABLE_DEBUG_INFO = NO;
				MTL_FAST_MATH = YES;
				SDKROOT = appletvos;
				SWIFT_COMPILATION_MODE = wholemodule;
				TVOS_DEPLOYMENT_TARGET = 18.5;
				VALIDATE_PRODUCT = YES;
			};
			name = Release;
		};
		D1693EC72E63E65D00E522E2 /* Debug */ = {
			isa = XCBuildConfiguration;
			buildSettings = {
				ASSETCATALOG_COMPILER_APPICON_NAME = "Brand Assets";
				"ASSETCATALOG_COMPILER_APPICON_NAME[sdk=*]" = "Brand Assets";
				"ASSETCATALOG_COMPILER_APPICON_NAME[sdk=appletvos*]" = "Brand Assets";
				ASSETCATALOG_COMPILER_GLOBAL_ACCENT_COLOR_NAME = AccentColor;
				ASSETCATALOG_COMPILER_INCLUDE_ALL_APPICON_ASSETS = YES;
				CODE_SIGN_STYLE = Automatic;
				CURRENT_PROJECT_VERSION = 1;
				DEVELOPMENT_TEAM = 8B5Y76UV6F;
				ENABLE_PREVIEWS = YES;
				GENERATE_INFOPLIST_FILE = YES;
				INFOPLIST_KEY_CFBundleDisplayName = "WATS?";
				INFOPLIST_KEY_LSApplicationCategoryType = "public.app-category.games";
				INFOPLIST_KEY_UILaunchScreen_Generation = YES;
				INFOPLIST_KEY_UIUserInterfaceStyle = Automatic;
				LD_RUNPATH_SEARCH_PATHS = (
					"$(inherited)",
					"@executable_path/Frameworks",
				);
				MARKETING_VERSION = 1.0;
				PRODUCT_BUNDLE_IDENTIFIER = "com.tejay.whataretheyselling-tv";
				PRODUCT_NAME = "$(TARGET_NAME)";
				SWIFT_EMIT_LOC_STRINGS = YES;
				SWIFT_VERSION = 5.0;
				TARGETED_DEVICE_FAMILY = 3;
			};
			name = Debug;
		};
		D1693EC82E63E65D00E522E2 /* Release */ = {
			isa = XCBuildConfiguration;
			buildSettings = {
				ASSETCATALOG_COMPILER_APPICON_NAME = "Brand Assets";
				"ASSETCATALOG_COMPILER_APPICON_NAME[sdk=*]" = "Brand Assets";
				"ASSETCATALOG_COMPILER_APPICON_NAME[sdk=appletvos*]" = "Brand Assets";
				ASSETCATALOG_COMPILER_GLOBAL_ACCENT_COLOR_NAME = AccentColor;
				ASSETCATALOG_COMPILER_INCLUDE_ALL_APPICON_ASSETS = YES;
				CODE_SIGN_STYLE = Automatic;
				CURRENT_PROJECT_VERSION = 1;
				DEVELOPMENT_TEAM = 8B5Y76UV6F;
				ENABLE_PREVIEWS = YES;
				GENERATE_INFOPLIST_FILE = YES;
				INFOPLIST_KEY_CFBundleDisplayName = "WATS?";
				INFOPLIST_KEY_LSApplicationCategoryType = "public.app-category.games";
				INFOPLIST_KEY_UILaunchScreen_Generation = YES;
				INFOPLIST_KEY_UIUserInterfaceStyle = Automatic;
				LD_RUNPATH_SEARCH_PATHS = (
					"$(inherited)",
					"@executable_path/Frameworks",
				);
				MARKETING_VERSION = 1.0;
				PRODUCT_BUNDLE_IDENTIFIER = "com.tejay.whataretheyselling-tv";
				PRODUCT_NAME = "$(TARGET_NAME)";
				SWIFT_EMIT_LOC_STRINGS = YES;
				SWIFT_VERSION = 5.0;
				TARGETED_DEVICE_FAMILY = 3;
			};
			name = Release;
		};
		D1693ECA2E63E65D00E522E2 /* Debug */ = {
			isa = XCBuildConfiguration;
			buildSettings = {
				BUNDLE_LOADER = "$(TEST_HOST)";
				CODE_SIGN_STYLE = Automatic;
				CURRENT_PROJECT_VERSION = 1;
				DEVELOPMENT_TEAM = 8B5Y76UV6F;
				GENERATE_INFOPLIST_FILE = YES;
				MARKETING_VERSION = 1.0;
				PRODUCT_BUNDLE_IDENTIFIER = "com.tejay.whataretheyselling-tvTests";
				PRODUCT_NAME = "$(TARGET_NAME)";
				SWIFT_EMIT_LOC_STRINGS = NO;
				SWIFT_VERSION = 5.0;
				TARGETED_DEVICE_FAMILY = 3;
				TEST_HOST = "$(BUILT_PRODUCTS_DIR)/whataretheyselling_tv.app/$(BUNDLE_EXECUTABLE_FOLDER_PATH)/whataretheyselling_tv";
				TVOS_DEPLOYMENT_TARGET = 18.5;
			};
			name = Debug;
		};
		D1693ECB2E63E65D00E522E2 /* Release */ = {
			isa = XCBuildConfiguration;
			buildSettings = {
				BUNDLE_LOADER = "$(TEST_HOST)";
				CODE_SIGN_STYLE = Automatic;
				CURRENT_PROJECT_VERSION = 1;
				DEVELOPMENT_TEAM = 8B5Y76UV6F;
				GENERATE_INFOPLIST_FILE = YES;
				MARKETING_VERSION = 1.0;
				PRODUCT_BUNDLE_IDENTIFIER = "com.tejay.whataretheyselling-tvTests";
				PRODUCT_NAME = "$(TARGET_NAME)";
				SWIFT_EMIT_LOC_STRINGS = NO;
				SWIFT_VERSION = 5.0;
				TARGETED_DEVICE_FAMILY = 3;
				TEST_HOST = "$(BUILT_PRODUCTS_DIR)/whataretheyselling_tv.app/$(BUNDLE_EXECUTABLE_FOLDER_PATH)/whataretheyselling_tv";
				TVOS_DEPLOYMENT_TARGET = 18.5;
			};
			name = Release;
		};
		D1693ECD2E63E65D00E522E2 /* Debug */ = {
			isa = XCBuildConfiguration;
			buildSettings = {
				CODE_SIGN_STYLE = Automatic;
				CURRENT_PROJECT_VERSION = 1;
				DEVELOPMENT_TEAM = 8B5Y76UV6F;
				GENERATE_INFOPLIST_FILE = YES;
				MARKETING_VERSION = 1.0;
				PRODUCT_BUNDLE_IDENTIFIER = "com.tejay.whataretheyselling-tvUITests";
				PRODUCT_NAME = "$(TARGET_NAME)";
				SWIFT_EMIT_LOC_STRINGS = NO;
				SWIFT_VERSION = 5.0;
				TARGETED_DEVICE_FAMILY = 3;
				TEST_TARGET_NAME = whataretheyselling_tv;
			};
			name = Debug;
		};
		D1693ECE2E63E65D00E522E2 /* Release */ = {
			isa = XCBuildConfiguration;
			buildSettings = {
				CODE_SIGN_STYLE = Automatic;
				CURRENT_PROJECT_VERSION = 1;
				DEVELOPMENT_TEAM = 8B5Y76UV6F;
				GENERATE_INFOPLIST_FILE = YES;
				MARKETING_VERSION = 1.0;
				PRODUCT_BUNDLE_IDENTIFIER = "com.tejay.whataretheyselling-tvUITests";
				PRODUCT_NAME = "$(TARGET_NAME)";
				SWIFT_EMIT_LOC_STRINGS = NO;
				SWIFT_VERSION = 5.0;
				TARGETED_DEVICE_FAMILY = 3;
				TEST_TARGET_NAME = whataretheyselling_tv;
			};
			name = Release;
		};
/* End XCBuildConfiguration section */

/* Begin XCConfigurationList section */
		D1693EA02E63E65C00E522E2 /* Build configuration list for PBXProject "whataretheyselling_tv" */ = {
			isa = XCConfigurationList;
			buildConfigurations = (
				D1693EC42E63E65D00E522E2 /* Debug */,
				D1693EC52E63E65D00E522E2 /* Release */,
			);
			defaultConfigurationIsVisible = 0;
			defaultConfigurationName = Release;
		};
		D1693EC62E63E65D00E522E2 /* Build configuration list for PBXNativeTarget "whataretheyselling_tv" */ = {
			isa = XCConfigurationList;
			buildConfigurations = (
				D1693EC72E63E65D00E522E2 /* Debug */,
				D1693EC82E63E65D00E522E2 /* Release */,
			);
			defaultConfigurationIsVisible = 0;
			defaultConfigurationName = Release;
		};
		D1693EC92E63E65D00E522E2 /* Build configuration list for PBXNativeTarget "whataretheyselling_tvTests" */ = {
			isa = XCConfigurationList;
			buildConfigurations = (
				D1693ECA2E63E65D00E522E2 /* Debug */,
				D1693ECB2E63E65D00E522E2 /* Release */,
			);
			defaultConfigurationIsVisible = 0;
			defaultConfigurationName = Release;
		};
		D1693ECC2E63E65D00E522E2 /* Build configuration list for PBXNativeTarget "whataretheyselling_tvUITests" */ = {
			isa = XCConfigurationList;
			buildConfigurations = (
				D1693ECD2E63E65D00E522E2 /* Debug */,
				D1693ECE2E63E65D00E522E2 /* Release */,
			);
			defaultConfigurationIsVisible = 0;
			defaultConfigurationName = Release;
		};
/* End XCConfigurationList section */
	};
	rootObject = D1693E9D2E63E65C00E522E2 /* Project object */;
}
